
Microsoft Visual Studio Solution File, Format Version 12.00
# Visual Studio Version 17
VisualStudioVersion = 17.0.32014.148
MinimumVisualStudioVersion = 10.0.40219.1
Project("{FAE04EC0-301F-11D3-BF4B-00C04F79EFBC}") = "WindowsProg", "WindowsProg.csproj", "{D53F4ABC-1503-45DE-BBC9-9A34B11590EE}"
EndProject
Global
	GlobalSection(SolutionConfigurationPlatforms) = preSolution
		Debug|Any CPU = Debug|Any CPU
		Release|Any CPU = Release|Any CPU
	EndGlobalSection
	GlobalSection(ProjectConfigurationPlatforms) = postSolution
		{D53F4ABC-1503-45DE-BBC9-9A34B11590EE}.Debug|Any CPU.ActiveCfg = Debug|Any CPU
		{D53F4ABC-1503-45DE-BBC9-9A34B11590EE}.Debug|Any CPU.Build.0 = Debug|Any CPU
		{D53F4ABC-1503-45DE-BBC9-9A34B11590EE}.Release|Any CPU.ActiveCfg = Release|Any CPU
		{D53F4ABC-1503-45DE-BBC9-9A34B11590EE}.Release|Any CPU.Build.0 = Release|Any CPU
	EndGlobalSection
	GlobalSection(SolutionProperties) = preSolution
		HideSolutionNode = FALSE
	EndGlobalSection
	GlobalSection(ExtensibilityGlobals) = postSolution
		SolutionGuid = {D44C6356-E713-49F1-96A3-5D9CF06D7ADA}
	EndGlobalSection
EndGlobal
